
Microsoft Visual Studio Solution File, Format Version 12.00
# Visual Studio Version 16
VisualStudioVersion = 16.0.33529.622
MinimumVisualStudioVersion = 10.0.40219.1
Project("{FAE04EC0-301F-11D3-BF4B-00C04F79EFBC}") = "CalculadoraTerminal", "CalculadoraTerminal.csproj", "{B3D1BCD1-E0CD-4F4F-BDFC-DE736BFABBB5}"
EndProject
Global
	GlobalSection(SolutionConfigurationPlatforms) = preSolution
		Debug|Any CPU = Debug|Any CPU
		Release|Any CPU = Release|Any CPU
	EndGlobalSection
	GlobalSection(ProjectConfigurationPlatforms) = postSolution
		{B3D1BCD1-E0CD-4F4F-BDFC-DE736BFABBB5}.Debug|Any CPU.ActiveCfg = Debug|Any CPU
		{B3D1BCD1-E0CD-4F4F-BDFC-DE736BFABBB5}.Debug|Any CPU.Build.0 = Debug|Any CPU
		{B3D1BCD1-E0CD-4F4F-BDFC-DE736BFABBB5}.Release|Any CPU.ActiveCfg = Release|Any CPU
		{B3D1BCD1-E0CD-4F4F-BDFC-DE736BFABBB5}.Release|Any CPU.Build.0 = Release|Any CPU
	EndGlobalSection
	GlobalSection(SolutionProperties) = preSolution
		HideSolutionNode = FALSE
	EndGlobalSection
	GlobalSection(ExtensibilityGlobals) = postSolution
		SolutionGuid = {D9057C59-73DA-4287-BDB0-7633B82F7282}
	EndGlobalSection
EndGlobal
