
Microsoft Visual Studio Solution File, Format Version 12.00
# Visual Studio Version 16
VisualStudioVersion = 16.0.33529.622
MinimumVisualStudioVersion = 10.0.40219.1
Project("{FAE04EC0-301F-11D3-BF4B-00C04F79EFBC}") = "Lab02", "Lab02\Lab02.csproj", "{70EC6B2D-DF25-49D6-8EF0-6261E8FA26E7}"
EndProject
Project("{FAE04EC0-301F-11D3-BF4B-00C04F79EFBC}") = "Lab03", "Lab03\Lab03.csproj", "{024F10B8-F81A-4CCE-97C1-7B8AC4008DFA}"
EndProject
Global
	GlobalSection(SolutionConfigurationPlatforms) = preSolution
		Debug|Any CPU = Debug|Any CPU
		Release|Any CPU = Release|Any CPU
	EndGlobalSection
	GlobalSection(ProjectConfigurationPlatforms) = postSolution
		{70EC6B2D-DF25-49D6-8EF0-6261E8FA26E7}.Debug|Any CPU.ActiveCfg = Debug|Any CPU
		{70EC6B2D-DF25-49D6-8EF0-6261E8FA26E7}.Debug|Any CPU.Build.0 = Debug|Any CPU
		{70EC6B2D-DF25-49D6-8EF0-6261E8FA26E7}.Release|Any CPU.ActiveCfg = Release|Any CPU
		{70EC6B2D-DF25-49D6-8EF0-6261E8FA26E7}.Release|Any CPU.Build.0 = Release|Any CPU
		{024F10B8-F81A-4CCE-97C1-7B8AC4008DFA}.Debug|Any CPU.ActiveCfg = Debug|Any CPU
		{024F10B8-F81A-4CCE-97C1-7B8AC4008DFA}.Debug|Any CPU.Build.0 = Debug|Any CPU
		{024F10B8-F81A-4CCE-97C1-7B8AC4008DFA}.Release|Any CPU.ActiveCfg = Release|Any CPU
		{024F10B8-F81A-4CCE-97C1-7B8AC4008DFA}.Release|Any CPU.Build.0 = Release|Any CPU
	EndGlobalSection
	GlobalSection(SolutionProperties) = preSolution
		HideSolutionNode = FALSE
	EndGlobalSection
	GlobalSection(ExtensibilityGlobals) = postSolution
		SolutionGuid = {61F376B6-3769-42FA-9E9A-9B1DE5B720D9}
	EndGlobalSection
EndGlobal
